
Microsoft Visual Studio Solution File, Format Version 12.00
# Visual Studio Version 17
VisualStudioVersion = 17.0.31903.59
MinimumVisualStudioVersion = 10.0.40219.1
Project("{2150E333-8FDC-42A3-9474-1A3956D46DE8}") = "Server", "Server", "{E479EEF0-88C1-43EB-BF5D-03E9701105C3}"
EndProject
Project("{FAE04EC0-301F-11D3-BF4B-00C04F79EFBC}") = "Entities", "Server\Entities\Entities.csproj", "{9DC5E52A-4ADC-43C9-BAA9-07ABE64ED8E8}"
EndProject
Project("{FAE04EC0-301F-11D3-BF4B-00C04F79EFBC}") = "RepositoryContracts", "Server\RepositoryContracts\RepositoryContracts.csproj", "{C677A843-9C9A-4738-B8BD-1F31CD3119D8}"
EndProject
Project("{FAE04EC0-301F-11D3-BF4B-00C04F79EFBC}") = "InMemoryRepositories", "Server\InMemoryRepositories\InMemoryRepositories.csproj", "{F5315811-9DB7-4984-AFF6-602D0A16675D}"
EndProject
Project("{FAE04EC0-301F-11D3-BF4B-00C04F79EFBC}") = "CLI", "Server\CLI\CLI.csproj", "{A8FCCDD6-0243-4139-AA39-1FC82C9CDD96}"
EndProject
Project("{FAE04EC0-301F-11D3-BF4B-00C04F79EFBC}") = "FileRepositories", "Server\FileRepositories\FileRepositories.csproj", "{9EAF9CC3-B140-40EE-A877-AD4C2F117287}"
EndProject
Project("{FAE04EC0-301F-11D3-BF4B-00C04F79EFBC}") = "Utils", "Utils\Utils.csproj", "{FCEDBE19-F6EE-43A4-B655-27EAB829DAD3}"
EndProject
Project("{2150E333-8FDC-42A3-9474-1A3956D46DE8}") = "Shared", "Shared", "{4F52FD11-658E-A102-6CD3-7D7C16FFA15B}"
EndProject
Project("{FAE04EC0-301F-11D3-BF4B-00C04F79EFBC}") = "DTOs", "Shared\DTOs\DTOs.csproj", "{BA17E153-9AE0-4F22-A17B-DF43E616F2A1}"
EndProject
Project("{FAE04EC0-301F-11D3-BF4B-00C04F79EFBC}") = "WebAPI", "Server\WebAPI\WebAPI.csproj", "{08732F60-4BAE-41F7-8CB6-7D5873D8C854}"
EndProject
Project("{2150E333-8FDC-42A3-9474-1A3956D46DE8}") = "Client", "Client", "{2CB42F12-E813-91B3-7D11-3220E40BEF4A}"
EndProject
Project("{FAE04EC0-301F-11D3-BF4B-00C04F79EFBC}") = "BlazorApp", "Client\BlazorApp\BlazorApp.csproj", "{7F8F9075-0245-4315-BA62-56FDEBAF2CF0}"
EndProject
Global
	GlobalSection(SolutionConfigurationPlatforms) = preSolution
		Debug|Any CPU = Debug|Any CPU
		Debug|x64 = Debug|x64
		Debug|x86 = Debug|x86
		Release|Any CPU = Release|Any CPU
		Release|x64 = Release|x64
		Release|x86 = Release|x86
	EndGlobalSection
	GlobalSection(ProjectConfigurationPlatforms) = postSolution
		{9DC5E52A-4ADC-43C9-BAA9-07ABE64ED8E8}.Debug|Any CPU.ActiveCfg = Debug|Any CPU
		{9DC5E52A-4ADC-43C9-BAA9-07ABE64ED8E8}.Debug|Any CPU.Build.0 = Debug|Any CPU
		{9DC5E52A-4ADC-43C9-BAA9-07ABE64ED8E8}.Debug|x64.ActiveCfg = Debug|Any CPU
		{9DC5E52A-4ADC-43C9-BAA9-07ABE64ED8E8}.Debug|x64.Build.0 = Debug|Any CPU
		{9DC5E52A-4ADC-43C9-BAA9-07ABE64ED8E8}.Debug|x86.ActiveCfg = Debug|Any CPU
		{9DC5E52A-4ADC-43C9-BAA9-07ABE64ED8E8}.Debug|x86.Build.0 = Debug|Any CPU
		{9DC5E52A-4ADC-43C9-BAA9-07ABE64ED8E8}.Release|Any CPU.ActiveCfg = Release|Any CPU
		{9DC5E52A-4ADC-43C9-BAA9-07ABE64ED8E8}.Release|Any CPU.Build.0 = Release|Any CPU
		{9DC5E52A-4ADC-43C9-BAA9-07ABE64ED8E8}.Release|x64.ActiveCfg = Release|Any CPU
		{9DC5E52A-4ADC-43C9-BAA9-07ABE64ED8E8}.Release|x64.Build.0 = Release|Any CPU
		{9DC5E52A-4ADC-43C9-BAA9-07ABE64ED8E8}.Release|x86.ActiveCfg = Release|Any CPU
		{9DC5E52A-4ADC-43C9-BAA9-07ABE64ED8E8}.Release|x86.Build.0 = Release|Any CPU
		{C677A843-9C9A-4738-B8BD-1F31CD3119D8}.Debug|Any CPU.ActiveCfg = Debug|Any CPU
		{C677A843-9C9A-4738-B8BD-1F31CD3119D8}.Debug|Any CPU.Build.0 = Debug|Any CPU
		{C677A843-9C9A-4738-B8BD-1F31CD3119D8}.Debug|x64.ActiveCfg = Debug|Any CPU
		{C677A843-9C9A-4738-B8BD-1F31CD3119D8}.Debug|x64.Build.0 = Debug|Any CPU
		{C677A843-9C9A-4738-B8BD-1F31CD3119D8}.Debug|x86.ActiveCfg = Debug|Any CPU
		{C677A843-9C9A-4738-B8BD-1F31CD3119D8}.Debug|x86.Build.0 = Debug|Any CPU
		{C677A843-9C9A-4738-B8BD-1F31CD3119D8}.Release|Any CPU.ActiveCfg = Release|Any CPU
		{C677A843-9C9A-4738-B8BD-1F31CD3119D8}.Release|Any CPU.Build.0 = Release|Any CPU
		{C677A843-9C9A-4738-B8BD-1F31CD3119D8}.Release|x64.ActiveCfg = Release|Any CPU
		{C677A843-9C9A-4738-B8BD-1F31CD3119D8}.Release|x64.Build.0 = Release|Any CPU
		{C677A843-9C9A-4738-B8BD-1F31CD3119D8}.Release|x86.ActiveCfg = Release|Any CPU
		{C677A843-9C9A-4738-B8BD-1F31CD3119D8}.Release|x86.Build.0 = Release|Any CPU
		{F5315811-9DB7-4984-AFF6-602D0A16675D}.Debug|Any CPU.ActiveCfg = Debug|Any CPU
		{F5315811-9DB7-4984-AFF6-602D0A16675D}.Debug|Any CPU.Build.0 = Debug|Any CPU
		{F5315811-9DB7-4984-AFF6-602D0A16675D}.Debug|x64.ActiveCfg = Debug|Any CPU
		{F5315811-9DB7-4984-AFF6-602D0A16675D}.Debug|x64.Build.0 = Debug|Any CPU
		{F5315811-9DB7-4984-AFF6-602D0A16675D}.Debug|x86.ActiveCfg = Debug|Any CPU
		{F5315811-9DB7-4984-AFF6-602D0A16675D}.Debug|x86.Build.0 = Debug|Any CPU
		{F5315811-9DB7-4984-AFF6-602D0A16675D}.Release|Any CPU.ActiveCfg = Release|Any CPU
		{F5315811-9DB7-4984-AFF6-602D0A16675D}.Release|Any CPU.Build.0 = Release|Any CPU
		{F5315811-9DB7-4984-AFF6-602D0A16675D}.Release|x64.ActiveCfg = Release|Any CPU
		{F5315811-9DB7-4984-AFF6-602D0A16675D}.Release|x64.Build.0 = Release|Any CPU
		{F5315811-9DB7-4984-AFF6-602D0A16675D}.Release|x86.ActiveCfg = Release|Any CPU
		{F5315811-9DB7-4984-AFF6-602D0A16675D}.Release|x86.Build.0 = Release|Any CPU
		{A8FCCDD6-0243-4139-AA39-1FC82C9CDD96}.Debug|Any CPU.ActiveCfg = Debug|Any CPU
		{A8FCCDD6-0243-4139-AA39-1FC82C9CDD96}.Debug|Any CPU.Build.0 = Debug|Any CPU
		{A8FCCDD6-0243-4139-AA39-1FC82C9CDD96}.Debug|x64.ActiveCfg = Debug|Any CPU
		{A8FCCDD6-0243-4139-AA39-1FC82C9CDD96}.Debug|x64.Build.0 = Debug|Any CPU
		{A8FCCDD6-0243-4139-AA39-1FC82C9CDD96}.Debug|x86.ActiveCfg = Debug|Any CPU
		{A8FCCDD6-0243-4139-AA39-1FC82C9CDD96}.Debug|x86.Build.0 = Debug|Any CPU
		{A8FCCDD6-0243-4139-AA39-1FC82C9CDD96}.Release|Any CPU.ActiveCfg = Release|Any CPU
		{A8FCCDD6-0243-4139-AA39-1FC82C9CDD96}.Release|Any CPU.Build.0 = Release|Any CPU
		{A8FCCDD6-0243-4139-AA39-1FC82C9CDD96}.Release|x64.ActiveCfg = Release|Any CPU
		{A8FCCDD6-0243-4139-AA39-1FC82C9CDD96}.Release|x64.Build.0 = Release|Any CPU
		{A8FCCDD6-0243-4139-AA39-1FC82C9CDD96}.Release|x86.ActiveCfg = Release|Any CPU
		{A8FCCDD6-0243-4139-AA39-1FC82C9CDD96}.Release|x86.Build.0 = Release|Any CPU
		{9EAF9CC3-B140-40EE-A877-AD4C2F117287}.Debug|Any CPU.ActiveCfg = Debug|Any CPU
		{9EAF9CC3-B140-40EE-A877-AD4C2F117287}.Debug|Any CPU.Build.0 = Debug|Any CPU
		{9EAF9CC3-B140-40EE-A877-AD4C2F117287}.Debug|x64.ActiveCfg = Debug|Any CPU
		{9EAF9CC3-B140-40EE-A877-AD4C2F117287}.Debug|x64.Build.0 = Debug|Any CPU
		{9EAF9CC3-B140-40EE-A877-AD4C2F117287}.Debug|x86.ActiveCfg = Debug|Any CPU
		{9EAF9CC3-B140-40EE-A877-AD4C2F117287}.Debug|x86.Build.0 = Debug|Any CPU
		{9EAF9CC3-B140-40EE-A877-AD4C2F117287}.Release|Any CPU.ActiveCfg = Release|Any CPU
		{9EAF9CC3-B140-40EE-A877-AD4C2F117287}.Release|Any CPU.Build.0 = Release|Any CPU
		{9EAF9CC3-B140-40EE-A877-AD4C2F117287}.Release|x64.ActiveCfg = Release|Any CPU
		{9EAF9CC3-B140-40EE-A877-AD4C2F117287}.Release|x64.Build.0 = Release|Any CPU
		{9EAF9CC3-B140-40EE-A877-AD4C2F117287}.Release|x86.ActiveCfg = Release|Any CPU
		{9EAF9CC3-B140-40EE-A877-AD4C2F117287}.Release|x86.Build.0 = Release|Any CPU
		{FCEDBE19-F6EE-43A4-B655-27EAB829DAD3}.Debug|Any CPU.ActiveCfg = Debug|Any CPU
		{FCEDBE19-F6EE-43A4-B655-27EAB829DAD3}.Debug|Any CPU.Build.0 = Debug|Any CPU
		{FCEDBE19-F6EE-43A4-B655-27EAB829DAD3}.Debug|x64.ActiveCfg = Debug|Any CPU
		{FCEDBE19-F6EE-43A4-B655-27EAB829DAD3}.Debug|x64.Build.0 = Debug|Any CPU
		{FCEDBE19-F6EE-43A4-B655-27EAB829DAD3}.Debug|x86.ActiveCfg = Debug|Any CPU
		{FCEDBE19-F6EE-43A4-B655-27EAB829DAD3}.Debug|x86.Build.0 = Debug|Any CPU
		{FCEDBE19-F6EE-43A4-B655-27EAB829DAD3}.Release|Any CPU.ActiveCfg = Release|Any CPU
		{FCEDBE19-F6EE-43A4-B655-27EAB829DAD3}.Release|Any CPU.Build.0 = Release|Any CPU
		{FCEDBE19-F6EE-43A4-B655-27EAB829DAD3}.Release|x64.ActiveCfg = Release|Any CPU
		{FCEDBE19-F6EE-43A4-B655-27EAB829DAD3}.Release|x64.Build.0 = Release|Any CPU
		{FCEDBE19-F6EE-43A4-B655-27EAB829DAD3}.Release|x86.ActiveCfg = Release|Any CPU
		{FCEDBE19-F6EE-43A4-B655-27EAB829DAD3}.Release|x86.Build.0 = Release|Any CPU
		{BA17E153-9AE0-4F22-A17B-DF43E616F2A1}.Debug|Any CPU.ActiveCfg = Debug|Any CPU
		{BA17E153-9AE0-4F22-A17B-DF43E616F2A1}.Debug|Any CPU.Build.0 = Debug|Any CPU
		{BA17E153-9AE0-4F22-A17B-DF43E616F2A1}.Debug|x64.ActiveCfg = Debug|Any CPU
		{BA17E153-9AE0-4F22-A17B-DF43E616F2A1}.Debug|x64.Build.0 = Debug|Any CPU
		{BA17E153-9AE0-4F22-A17B-DF43E616F2A1}.Debug|x86.ActiveCfg = Debug|Any CPU
		{BA17E153-9AE0-4F22-A17B-DF43E616F2A1}.Debug|x86.Build.0 = Debug|Any CPU
		{BA17E153-9AE0-4F22-A17B-DF43E616F2A1}.Release|Any CPU.ActiveCfg = Release|Any CPU
		{BA17E153-9AE0-4F22-A17B-DF43E616F2A1}.Release|Any CPU.Build.0 = Release|Any CPU
		{BA17E153-9AE0-4F22-A17B-DF43E616F2A1}.Release|x64.ActiveCfg = Release|Any CPU
		{BA17E153-9AE0-4F22-A17B-DF43E616F2A1}.Release|x64.Build.0 = Release|Any CPU
		{BA17E153-9AE0-4F22-A17B-DF43E616F2A1}.Release|x86.ActiveCfg = Release|Any CPU
		{BA17E153-9AE0-4F22-A17B-DF43E616F2A1}.Release|x86.Build.0 = Release|Any CPU
		{08732F60-4BAE-41F7-8CB6-7D5873D8C854}.Debug|Any CPU.ActiveCfg = Debug|Any CPU
		{08732F60-4BAE-41F7-8CB6-7D5873D8C854}.Debug|Any CPU.Build.0 = Debug|Any CPU
		{08732F60-4BAE-41F7-8CB6-7D5873D8C854}.Debug|x64.ActiveCfg = Debug|Any CPU
		{08732F60-4BAE-41F7-8CB6-7D5873D8C854}.Debug|x64.Build.0 = Debug|Any CPU
		{08732F60-4BAE-41F7-8CB6-7D5873D8C854}.Debug|x86.ActiveCfg = Debug|Any CPU
		{08732F60-4BAE-41F7-8CB6-7D5873D8C854}.Debug|x86.Build.0 = Debug|Any CPU
		{08732F60-4BAE-41F7-8CB6-7D5873D8C854}.Release|Any CPU.ActiveCfg = Release|Any CPU
		{08732F60-4BAE-41F7-8CB6-7D5873D8C854}.Release|Any CPU.Build.0 = Release|Any CPU
		{08732F60-4BAE-41F7-8CB6-7D5873D8C854}.Release|x64.ActiveCfg = Release|Any CPU
		{08732F60-4BAE-41F7-8CB6-7D5873D8C854}.Release|x64.Build.0 = Release|Any CPU
		{08732F60-4BAE-41F7-8CB6-7D5873D8C854}.Release|x86.ActiveCfg = Release|Any CPU
		{08732F60-4BAE-41F7-8CB6-7D5873D8C854}.Release|x86.Build.0 = Release|Any CPU
		{7F8F9075-0245-4315-BA62-56FDEBAF2CF0}.Debug|Any CPU.ActiveCfg = Debug|Any CPU
		{7F8F9075-0245-4315-BA62-56FDEBAF2CF0}.Debug|Any CPU.Build.0 = Debug|Any CPU
		{7F8F9075-0245-4315-BA62-56FDEBAF2CF0}.Debug|x64.ActiveCfg = Debug|Any CPU
		{7F8F9075-0245-4315-BA62-56FDEBAF2CF0}.Debug|x64.Build.0 = Debug|Any CPU
		{7F8F9075-0245-4315-BA62-56FDEBAF2CF0}.Debug|x86.ActiveCfg = Debug|Any CPU
		{7F8F9075-0245-4315-BA62-56FDEBAF2CF0}.Debug|x86.Build.0 = Debug|Any CPU
		{7F8F9075-0245-4315-BA62-56FDEBAF2CF0}.Release|Any CPU.ActiveCfg = Release|Any CPU
		{7F8F9075-0245-4315-BA62-56FDEBAF2CF0}.Release|Any CPU.Build.0 = Release|Any CPU
		{7F8F9075-0245-4315-BA62-56FDEBAF2CF0}.Release|x64.ActiveCfg = Release|Any CPU
		{7F8F9075-0245-4315-BA62-56FDEBAF2CF0}.Release|x64.Build.0 = Release|Any CPU
		{7F8F9075-0245-4315-BA62-56FDEBAF2CF0}.Release|x86.ActiveCfg = Release|Any CPU
		{7F8F9075-0245-4315-BA62-56FDEBAF2CF0}.Release|x86.Build.0 = Release|Any CPU
	EndGlobalSection
	GlobalSection(SolutionProperties) = preSolution
		HideSolutionNode = FALSE
	EndGlobalSection
	GlobalSection(NestedProjects) = preSolution
		{9DC5E52A-4ADC-43C9-BAA9-07ABE64ED8E8} = {E479EEF0-88C1-43EB-BF5D-03E9701105C3}
		{C677A843-9C9A-4738-B8BD-1F31CD3119D8} = {E479EEF0-88C1-43EB-BF5D-03E9701105C3}
		{F5315811-9DB7-4984-AFF6-602D0A16675D} = {E479EEF0-88C1-43EB-BF5D-03E9701105C3}
		{A8FCCDD6-0243-4139-AA39-1FC82C9CDD96} = {E479EEF0-88C1-43EB-BF5D-03E9701105C3}
		{9EAF9CC3-B140-40EE-A877-AD4C2F117287} = {E479EEF0-88C1-43EB-BF5D-03E9701105C3}
		{BA17E153-9AE0-4F22-A17B-DF43E616F2A1} = {4F52FD11-658E-A102-6CD3-7D7C16FFA15B}
		{08732F60-4BAE-41F7-8CB6-7D5873D8C854} = {E479EEF0-88C1-43EB-BF5D-03E9701105C3}
		{7F8F9075-0245-4315-BA62-56FDEBAF2CF0} = {2CB42F12-E813-91B3-7D11-3220E40BEF4A}
	EndGlobalSection
EndGlobal
