
Microsoft Visual Studio Solution File, Format Version 12.00
# Visual Studio Version 17
VisualStudioVersion = 17.0.31903.59
MinimumVisualStudioVersion = 10.0.40219.1
Project("{2150E333-8FDC-42A3-9474-1A3956D46DE8}") = "Server", "Server", "{E479EEF0-88C1-43EB-BF5D-03E9701105C3}"
EndProject
Project("{FAE04EC0-301F-11D3-BF4B-00C04F79EFBC}") = "Entities", "Server\Entities\Entities.csproj", "{9DC5E52A-4ADC-43C9-BAA9-07ABE64ED8E8}"
EndProject
Project("{FAE04EC0-301F-11D3-BF4B-00C04F79EFBC}") = "RepositoryContracts", "Server\RepositoryContracts\RepositoryContracts.csproj", "{C677A843-9C9A-4738-B8BD-1F31CD3119D8}"
EndProject
Project("{FAE04EC0-301F-11D3-BF4B-00C04F79EFBC}") = "InMemoryRepositories", "Server\InMemoryRepositories\InMemoryRepositories.csproj", "{F5315811-9DB7-4984-AFF6-602D0A16675D}"
EndProject
Global
	GlobalSection(SolutionConfigurationPlatforms) = preSolution
		Debug|Any CPU = Debug|Any CPU
		Release|Any CPU = Release|Any CPU
	EndGlobalSection
	GlobalSection(SolutionProperties) = preSolution
		HideSolutionNode = FALSE
	EndGlobalSection
	GlobalSection(ProjectConfigurationPlatforms) = postSolution
		{9DC5E52A-4ADC-43C9-BAA9-07ABE64ED8E8}.Debug|Any CPU.ActiveCfg = Debug|Any CPU
		{9DC5E52A-4ADC-43C9-BAA9-07ABE64ED8E8}.Debug|Any CPU.Build.0 = Debug|Any CPU
		{9DC5E52A-4ADC-43C9-BAA9-07ABE64ED8E8}.Release|Any CPU.ActiveCfg = Release|Any CPU
		{9DC5E52A-4ADC-43C9-BAA9-07ABE64ED8E8}.Release|Any CPU.Build.0 = Release|Any CPU
		{C677A843-9C9A-4738-B8BD-1F31CD3119D8}.Debug|Any CPU.ActiveCfg = Debug|Any CPU
		{C677A843-9C9A-4738-B8BD-1F31CD3119D8}.Debug|Any CPU.Build.0 = Debug|Any CPU
		{C677A843-9C9A-4738-B8BD-1F31CD3119D8}.Release|Any CPU.ActiveCfg = Release|Any CPU
		{C677A843-9C9A-4738-B8BD-1F31CD3119D8}.Release|Any CPU.Build.0 = Release|Any CPU
		{F5315811-9DB7-4984-AFF6-602D0A16675D}.Debug|Any CPU.ActiveCfg = Debug|Any CPU
		{F5315811-9DB7-4984-AFF6-602D0A16675D}.Debug|Any CPU.Build.0 = Debug|Any CPU
		{F5315811-9DB7-4984-AFF6-602D0A16675D}.Release|Any CPU.ActiveCfg = Release|Any CPU
		{F5315811-9DB7-4984-AFF6-602D0A16675D}.Release|Any CPU.Build.0 = Release|Any CPU
	EndGlobalSection
	GlobalSection(NestedProjects) = preSolution
		{9DC5E52A-4ADC-43C9-BAA9-07ABE64ED8E8} = {E479EEF0-88C1-43EB-BF5D-03E9701105C3}
		{C677A843-9C9A-4738-B8BD-1F31CD3119D8} = {E479EEF0-88C1-43EB-BF5D-03E9701105C3}
		{F5315811-9DB7-4984-AFF6-602D0A16675D} = {E479EEF0-88C1-43EB-BF5D-03E9701105C3}
	EndGlobalSection
EndGlobal
